// !$*UTF8*$!
{
	archiveVersion = 1;
	classes = {
	};
	objectVersion = 46;
	objects = {

/* Begin PBXBuildFile section */
		2B02B9A114A8933A00F8F6E5 /* ApplicationTemplate.m in Sources */ = {isa = PBXBuildFile; fileRef = 2B02B9A014A8933A00F8F6E5 /* ApplicationTemplate.m */; };
		2B62E869152EE674001E776B /* logo-stamp.png in Resources */ = {isa = PBXBuildFile; fileRef = 2B62E868152EE674001E776B /* logo-stamp.png */; };
		2BCF2E171475A4A200F2E573 /* Cocoa.framework in Frameworks */ = {isa = PBXBuildFile; fileRef = 2BCF2E161475A4A200F2E573 /* Cocoa.framework */; };
		2BCF2E211475A4A200F2E573 /* InfoPlist.strings in Resources */ = {isa = PBXBuildFile; fileRef = 2BCF2E1F1475A4A200F2E573 /* InfoPlist.strings */; };
		2BCF2E231475A4A200F2E573 /* main.m in Sources */ = {isa = PBXBuildFile; fileRef = 2BCF2E221475A4A200F2E573 /* main.m */; };
		2BCF2E271475A4A200F2E573 /* Credits.rtf in Resources */ = {isa = PBXBuildFile; fileRef = 2BCF2E251475A4A200F2E573 /* Credits.rtf */; };
		2BCF2E2A1475A4A200F2E573 /* AppDelegate.m in Sources */ = {isa = PBXBuildFile; fileRef = 2BCF2E291475A4A200F2E573 /* AppDelegate.m */; };
		2BCF2E2D1475A4A200F2E573 /* MainMenu.xib in Resources */ = {isa = PBXBuildFile; fileRef = 2BCF2E2B1475A4A200F2E573 /* MainMenu.xib */; };
		2BCF2E301475A4A200F2E573 /* PachStatX.xcdatamodeld in Sources */ = {isa = PBXBuildFile; fileRef = 2BCF2E2E1475A4A200F2E573 /* PachStatX.xcdatamodeld */; };
		2BCF2E3C147644A100F2E573 /* AppController.m in Sources */ = {isa = PBXBuildFile; fileRef = 2BCF2E3B147644A100F2E573 /* AppController.m */; };
		2BCF2E40147644D000F2E573 /* PreferencesController.m in Sources */ = {isa = PBXBuildFile; fileRef = 2BCF2E3F147644D000F2E573 /* PreferencesController.m */; };
		2BCF2E43147644E400F2E573 /* Preferences.xib in Resources */ = {isa = PBXBuildFile; fileRef = 2BCF2E41147644E400F2E573 /* Preferences.xib */; };
		2BCF2E4D147654B800F2E573 /* CpuController.m in Sources */ = {isa = PBXBuildFile; fileRef = 2BCF2E4C147654B800F2E573 /* CpuController.m */; };
		2BCF2E671476615C00F2E573 /* NSObject+SBJson.m in Sources */ = {isa = PBXBuildFile; fileRef = 2BCF2E4F1476615B00F2E573 /* NSObject+SBJson.m */; };
		2BCF2E681476615C00F2E573 /* SBJsonParser.m in Sources */ = {isa = PBXBuildFile; fileRef = 2BCF2E521476615B00F2E573 /* SBJsonParser.m */; };
		2BCF2E691476615C00F2E573 /* SBJsonStreamParser.m in Sources */ = {isa = PBXBuildFile; fileRef = 2BCF2E541476615B00F2E573 /* SBJsonStreamParser.m */; };
		2BCF2E6A1476615C00F2E573 /* SBJsonStreamParserAccumulator.m in Sources */ = {isa = PBXBuildFile; fileRef = 2BCF2E561476615B00F2E573 /* SBJsonStreamParserAccumulator.m */; };
		2BCF2E6B1476615C00F2E573 /* SBJsonStreamParserAdapter.m in Sources */ = {isa = PBXBuildFile; fileRef = 2BCF2E581476615B00F2E573 /* SBJsonStreamParserAdapter.m */; };
		2BCF2E6C1476615C00F2E573 /* SBJsonStreamParserState.m in Sources */ = {isa = PBXBuildFile; fileRef = 2BCF2E5A1476615B00F2E573 /* SBJsonStreamParserState.m */; };
		2BCF2E6D1476615C00F2E573 /* SBJsonStreamWriter.m in Sources */ = {isa = PBXBuildFile; fileRef = 2BCF2E5C1476615B00F2E573 /* SBJsonStreamWriter.m */; };
		2BCF2E6E1476615C00F2E573 /* SBJsonStreamWriterAccumulator.m in Sources */ = {isa = PBXBuildFile; fileRef = 2BCF2E5E1476615B00F2E573 /* SBJsonStreamWriterAccumulator.m */; };
		2BCF2E6F1476615C00F2E573 /* SBJsonStreamWriterState.m in Sources */ = {isa = PBXBuildFile; fileRef = 2BCF2E601476615B00F2E573 /* SBJsonStreamWriterState.m */; };
		2BCF2E701476615C00F2E573 /* SBJsonTokeniser.m in Sources */ = {isa = PBXBuildFile; fileRef = 2BCF2E621476615B00F2E573 /* SBJsonTokeniser.m */; };
		2BCF2E711476615C00F2E573 /* SBJsonUTF8Stream.m in Sources */ = {isa = PBXBuildFile; fileRef = 2BCF2E641476615B00F2E573 /* SBJsonUTF8Stream.m */; };
		2BCF2E721476615C00F2E573 /* SBJsonWriter.m in Sources */ = {isa = PBXBuildFile; fileRef = 2BCF2E661476615C00F2E573 /* SBJsonWriter.m */; };
/* End PBXBuildFile section */

/* Begin PBXFileReference section */
		2B02B99F14A8933A00F8F6E5 /* ApplicationTemplate.h */ = {isa = PBXFileReference; fileEncoding = 4; lastKnownFileType = sourcecode.c.h; path = ApplicationTemplate.h; sourceTree = "<group>"; };
		2B02B9A014A8933A00F8F6E5 /* ApplicationTemplate.m */ = {isa = PBXFileReference; fileEncoding = 4; lastKnownFileType = sourcecode.c.objc; path = ApplicationTemplate.m; sourceTree = "<group>"; };
		2B62E868152EE674001E776B /* logo-stamp.png */ = {isa = PBXFileReference; lastKnownFileType = image.png; path = "logo-stamp.png"; sourceTree = "<group>"; };
		2B927AC61476D80F00892BDE /* pachube_badge copy.png */ = {isa = PBXFileReference; lastKnownFileType = image.png; path = "pachube_badge copy.png"; sourceTree = "<group>"; };
		2BCF2E121475A4A200F2E573 /* PachStatX.app */ = {isa = PBXFileReference; explicitFileType = wrapper.application; includeInIndex = 0; path = PachStatX.app; sourceTree = BUILT_PRODUCTS_DIR; };
		2BCF2E161475A4A200F2E573 /* Cocoa.framework */ = {isa = PBXFileReference; lastKnownFileType = wrapper.framework; name = Cocoa.framework; path = System/Library/Frameworks/Cocoa.framework; sourceTree = SDKROOT; };
		2BCF2E191475A4A200F2E573 /* AppKit.framework */ = {isa = PBXFileReference; lastKnownFileType = wrapper.framework; name = AppKit.framework; path = System/Library/Frameworks/AppKit.framework; sourceTree = SDKROOT; };
		2BCF2E1A1475A4A200F2E573 /* CoreData.framework */ = {isa = PBXFileReference; lastKnownFileType = wrapper.framework; name = CoreData.framework; path = System/Library/Frameworks/CoreData.framework; sourceTree = SDKROOT; };
		2BCF2E1B1475A4A200F2E573 /* Foundation.framework */ = {isa = PBXFileReference; lastKnownFileType = wrapper.framework; name = Foundation.framework; path = System/Library/Frameworks/Foundation.framework; sourceTree = SDKROOT; };
		2BCF2E1E1475A4A200F2E573 /* PachStatX-Info.plist */ = {isa = PBXFileReference; lastKnownFileType = text.plist.xml; path = "PachStatX-Info.plist"; sourceTree = "<group>"; };
		2BCF2E201475A4A200F2E573 /* en */ = {isa = PBXFileReference; lastKnownFileType = text.plist.strings; name = en; path = en.lproj/InfoPlist.strings; sourceTree = "<group>"; };
		2BCF2E221475A4A200F2E573 /* main.m */ = {isa = PBXFileReference; lastKnownFileType = sourcecode.c.objc; path = main.m; sourceTree = "<group>"; };
		2BCF2E241475A4A200F2E573 /* PachStatX-Prefix.pch */ = {isa = PBXFileReference; lastKnownFileType = sourcecode.c.h; path = "PachStatX-Prefix.pch"; sourceTree = "<group>"; };
		2BCF2E261475A4A200F2E573 /* en */ = {isa = PBXFileReference; lastKnownFileType = text.rtf; name = en; path = en.lproj/Credits.rtf; sourceTree = "<group>"; };
		2BCF2E281475A4A200F2E573 /* AppDelegate.h */ = {isa = PBXFileReference; lastKnownFileType = sourcecode.c.h; path = AppDelegate.h; sourceTree = "<group>"; };
		2BCF2E291475A4A200F2E573 /* AppDelegate.m */ = {isa = PBXFileReference; lastKnownFileType = sourcecode.c.objc; path = AppDelegate.m; sourceTree = "<group>"; };
		2BCF2E2C1475A4A200F2E573 /* en */ = {isa = PBXFileReference; lastKnownFileType = file.xib; name = en; path = en.lproj/MainMenu.xib; sourceTree = "<group>"; };
		2BCF2E2F1475A4A200F2E573 /* PachStatX.xcdatamodel */ = {isa = PBXFileReference; lastKnownFileType = wrapper.xcdatamodel; path = PachStatX.xcdatamodel; sourceTree = "<group>"; };
		2BCF2E3A147644A100F2E573 /* AppController.h */ = {isa = PBXFileReference; fileEncoding = 4; lastKnownFileType = sourcecode.c.h; path = AppController.h; sourceTree = "<group>"; };
		2BCF2E3B147644A100F2E573 /* AppController.m */ = {isa = PBXFileReference; fileEncoding = 4; lastKnownFileType = sourcecode.c.objc; path = AppController.m; sourceTree = "<group>"; };
		2BCF2E3E147644D000F2E573 /* PreferencesController.h */ = {isa = PBXFileReference; fileEncoding = 4; lastKnownFileType = sourcecode.c.h; path = PreferencesController.h; sourceTree = "<group>"; };
		2BCF2E3F147644D000F2E573 /* PreferencesController.m */ = {isa = PBXFileReference; fileEncoding = 4; lastKnownFileType = sourcecode.c.objc; path = PreferencesController.m; sourceTree = "<group>"; };
		2BCF2E42147644E400F2E573 /* en */ = {isa = PBXFileReference; lastKnownFileType = file.xib; name = en; path = en.lproj/Preferences.xib; sourceTree = "<group>"; };
		2BCF2E4B147654B800F2E573 /* CpuController.h */ = {isa = PBXFileReference; fileEncoding = 4; lastKnownFileType = sourcecode.c.h; path = CpuController.h; sourceTree = "<group>"; };
		2BCF2E4C147654B800F2E573 /* CpuController.m */ = {isa = PBXFileReference; fileEncoding = 4; lastKnownFileType = sourcecode.c.objc; path = CpuController.m; sourceTree = "<group>"; };
		2BCF2E4E1476615B00F2E573 /* NSObject+SBJson.h */ = {isa = PBXFileReference; fileEncoding = 4; lastKnownFileType = sourcecode.c.h; path = "NSObject+SBJson.h"; sourceTree = "<group>"; };
		2BCF2E4F1476615B00F2E573 /* NSObject+SBJson.m */ = {isa = PBXFileReference; fileEncoding = 4; lastKnownFileType = sourcecode.c.objc; path = "NSObject+SBJson.m"; sourceTree = "<group>"; };
		2BCF2E501476615B00F2E573 /* SBJson.h */ = {isa = PBXFileReference; fileEncoding = 4; lastKnownFileType = sourcecode.c.h; path = SBJson.h; sourceTree = "<group>"; };
		2BCF2E511476615B00F2E573 /* SBJsonParser.h */ = {isa = PBXFileReference; fileEncoding = 4; lastKnownFileType = sourcecode.c.h; path = SBJsonParser.h; sourceTree = "<group>"; };
		2BCF2E521476615B00F2E573 /* SBJsonParser.m */ = {isa = PBXFileReference; fileEncoding = 4; lastKnownFileType = sourcecode.c.objc; path = SBJsonParser.m; sourceTree = "<group>"; };
		2BCF2E531476615B00F2E573 /* SBJsonStreamParser.h */ = {isa = PBXFileReference; fileEncoding = 4; lastKnownFileType = sourcecode.c.h; path = SBJsonStreamParser.h; sourceTree = "<group>"; };
		2BCF2E541476615B00F2E573 /* SBJsonStreamParser.m */ = {isa = PBXFileReference; fileEncoding = 4; lastKnownFileType = sourcecode.c.objc; path = SBJsonStreamParser.m; sourceTree = "<group>"; };
		2BCF2E551476615B00F2E573 /* SBJsonStreamParserAccumulator.h */ = {isa = PBXFileReference; fileEncoding = 4; lastKnownFileType = sourcecode.c.h; path = SBJsonStreamParserAccumulator.h; sourceTree = "<group>"; };
		2BCF2E561476615B00F2E573 /* SBJsonStreamParserAccumulator.m */ = {isa = PBXFileReference; fileEncoding = 4; lastKnownFileType = sourcecode.c.objc; path = SBJsonStreamParserAccumulator.m; sourceTree = "<group>"; };
		2BCF2E571476615B00F2E573 /* SBJsonStreamParserAdapter.h */ = {isa = PBXFileReference; fileEncoding = 4; lastKnownFileType = sourcecode.c.h; path = SBJsonStreamParserAdapter.h; sourceTree = "<group>"; };
		2BCF2E581476615B00F2E573 /* SBJsonStreamParserAdapter.m */ = {isa = PBXFileReference; fileEncoding = 4; lastKnownFileType = sourcecode.c.objc; path = SBJsonStreamParserAdapter.m; sourceTree = "<group>"; };
		2BCF2E591476615B00F2E573 /* SBJsonStreamParserState.h */ = {isa = PBXFileReference; fileEncoding = 4; lastKnownFileType = sourcecode.c.h; path = SBJsonStreamParserState.h; sourceTree = "<group>"; };
		2BCF2E5A1476615B00F2E573 /* SBJsonStreamParserState.m */ = {isa = PBXFileReference; fileEncoding = 4; lastKnownFileType = sourcecode.c.objc; path = SBJsonStreamParserState.m; sourceTree = "<group>"; };
		2BCF2E5B1476615B00F2E573 /* SBJsonStreamWriter.h */ = {isa = PBXFileReference; fileEncoding = 4; lastKnownFileType = sourcecode.c.h; path = SBJsonStreamWriter.h; sourceTree = "<group>"; };
		2BCF2E5C1476615B00F2E573 /* SBJsonStreamWriter.m */ = {isa = PBXFileReference; fileEncoding = 4; lastKnownFileType = sourcecode.c.objc; path = SBJsonStreamWriter.m; sourceTree = "<group>"; };
		2BCF2E5D1476615B00F2E573 /* SBJsonStreamWriterAccumulator.h */ = {isa = PBXFileReference; fileEncoding = 4; lastKnownFileType = sourcecode.c.h; path = SBJsonStreamWriterAccumulator.h; sourceTree = "<group>"; };
		2BCF2E5E1476615B00F2E573 /* SBJsonStreamWriterAccumulator.m */ = {isa = PBXFileReference; fileEncoding = 4; lastKnownFileType = sourcecode.c.objc; path = SBJsonStreamWriterAccumulator.m; sourceTree = "<group>"; };
		2BCF2E5F1476615B00F2E573 /* SBJsonStreamWriterState.h */ = {isa = PBXFileReference; fileEncoding = 4; lastKnownFileType = sourcecode.c.h; path = SBJsonStreamWriterState.h; sourceTree = "<group>"; };
		2BCF2E601476615B00F2E573 /* SBJsonStreamWriterState.m */ = {isa = PBXFileReference; fileEncoding = 4; lastKnownFileType = sourcecode.c.objc; path = SBJsonStreamWriterState.m; sourceTree = "<group>"; };
		2BCF2E611476615B00F2E573 /* SBJsonTokeniser.h */ = {isa = PBXFileReference; fileEncoding = 4; lastKnownFileType = sourcecode.c.h; path = SBJsonTokeniser.h; sourceTree = "<group>"; };
		2BCF2E621476615B00F2E573 /* SBJsonTokeniser.m */ = {isa = PBXFileReference; fileEncoding = 4; lastKnownFileType = sourcecode.c.objc; path = SBJsonTokeniser.m; sourceTree = "<group>"; };
		2BCF2E631476615B00F2E573 /* SBJsonUTF8Stream.h */ = {isa = PBXFileReference; fileEncoding = 4; lastKnownFileType = sourcecode.c.h; path = SBJsonUTF8Stream.h; sourceTree = "<group>"; };
		2BCF2E641476615B00F2E573 /* SBJsonUTF8Stream.m */ = {isa = PBXFileReference; fileEncoding = 4; lastKnownFileType = sourcecode.c.objc; path = SBJsonUTF8Stream.m; sourceTree = "<group>"; };
		2BCF2E651476615C00F2E573 /* SBJsonWriter.h */ = {isa = PBXFileReference; fileEncoding = 4; lastKnownFileType = sourcecode.c.h; path = SBJsonWriter.h; sourceTree = "<group>"; };
		2BCF2E661476615C00F2E573 /* SBJsonWriter.m */ = {isa = PBXFileReference; fileEncoding = 4; lastKnownFileType = sourcecode.c.objc; path = SBJsonWriter.m; sourceTree = "<group>"; };
/* End PBXFileReference section */

/* Begin PBXFrameworksBuildPhase section */
		2BCF2E0F1475A4A200F2E573 /* Frameworks */ = {
			isa = PBXFrameworksBuildPhase;
			buildActionMask = 2147483647;
			files = (
				2BCF2E171475A4A200F2E573 /* Cocoa.framework in Frameworks */,
			);
			runOnlyForDeploymentPostprocessing = 0;
		};
/* End PBXFrameworksBuildPhase section */

/* Begin PBXGroup section */
		2BCF2E071475A4A200F2E573 = {
			isa = PBXGroup;
			children = (
				2B927AC61476D80F00892BDE /* pachube_badge copy.png */,
				2BCF2E1C1475A4A200F2E573 /* PachStatX */,
				2BCF2E151475A4A200F2E573 /* Frameworks */,
				2BCF2E131475A4A200F2E573 /* Products */,
			);
			sourceTree = "<group>";
		};
		2BCF2E131475A4A200F2E573 /* Products */ = {
			isa = PBXGroup;
			children = (
				2BCF2E121475A4A200F2E573 /* PachStatX.app */,
			);
			name = Products;
			sourceTree = "<group>";
		};
		2BCF2E151475A4A200F2E573 /* Frameworks */ = {
			isa = PBXGroup;
			children = (
				2BCF2E161475A4A200F2E573 /* Cocoa.framework */,
				2BCF2E181475A4A200F2E573 /* Other Frameworks */,
			);
			name = Frameworks;
			sourceTree = "<group>";
		};
		2BCF2E181475A4A200F2E573 /* Other Frameworks */ = {
			isa = PBXGroup;
			children = (
				2BCF2E191475A4A200F2E573 /* AppKit.framework */,
				2BCF2E1A1475A4A200F2E573 /* CoreData.framework */,
				2BCF2E1B1475A4A200F2E573 /* Foundation.framework */,
			);
			name = "Other Frameworks";
			sourceTree = "<group>";
		};
		2BCF2E1C1475A4A200F2E573 /* PachStatX */ = {
			isa = PBXGroup;
			children = (
				2B62E868152EE674001E776B /* logo-stamp.png */,
				2B02B99F14A8933A00F8F6E5 /* ApplicationTemplate.h */,
				2B02B9A014A8933A00F8F6E5 /* ApplicationTemplate.m */,
				2BCF2E4B147654B800F2E573 /* CpuController.h */,
				2BCF2E4C147654B800F2E573 /* CpuController.m */,
				2BCF2E281475A4A200F2E573 /* AppDelegate.h */,
				2BCF2E291475A4A200F2E573 /* AppDelegate.m */,
				2BCF2E2B1475A4A200F2E573 /* MainMenu.xib */,
				2BCF2E3A147644A100F2E573 /* AppController.h */,
				2BCF2E3B147644A100F2E573 /* AppController.m */,
				2BCF2E3E147644D000F2E573 /* PreferencesController.h */,
				2BCF2E3F147644D000F2E573 /* PreferencesController.m */,
				2BCF2E41147644E400F2E573 /* Preferences.xib */,
				2BCF2E2E1475A4A200F2E573 /* PachStatX.xcdatamodeld */,
				2BCF2E1D1475A4A200F2E573 /* Supporting Files */,
			);
			path = PachStatX;
			sourceTree = "<group>";
		};
		2BCF2E1D1475A4A200F2E573 /* Supporting Files */ = {
			isa = PBXGroup;
			children = (
				2BCF2E4E1476615B00F2E573 /* NSObject+SBJson.h */,
				2BCF2E4F1476615B00F2E573 /* NSObject+SBJson.m */,
				2BCF2E501476615B00F2E573 /* SBJson.h */,
				2BCF2E511476615B00F2E573 /* SBJsonParser.h */,
				2BCF2E521476615B00F2E573 /* SBJsonParser.m */,
				2BCF2E531476615B00F2E573 /* SBJsonStreamParser.h */,
				2BCF2E541476615B00F2E573 /* SBJsonStreamParser.m */,
				2BCF2E551476615B00F2E573 /* SBJsonStreamParserAccumulator.h */,
				2BCF2E561476615B00F2E573 /* SBJsonStreamParserAccumulator.m */,
				2BCF2E571476615B00F2E573 /* SBJsonStreamParserAdapter.h */,
				2BCF2E581476615B00F2E573 /* SBJsonStreamParserAdapter.m */,
				2BCF2E591476615B00F2E573 /* SBJsonStreamParserState.h */,
				2BCF2E5A1476615B00F2E573 /* SBJsonStreamParserState.m */,
				2BCF2E5B1476615B00F2E573 /* SBJsonStreamWriter.h */,
				2BCF2E5C1476615B00F2E573 /* SBJsonStreamWriter.m */,
				2BCF2E5D1476615B00F2E573 /* SBJsonStreamWriterAccumulator.h */,
				2BCF2E5E1476615B00F2E573 /* SBJsonStreamWriterAccumulator.m */,
				2BCF2E5F1476615B00F2E573 /* SBJsonStreamWriterState.h */,
				2BCF2E601476615B00F2E573 /* SBJsonStreamWriterState.m */,
				2BCF2E611476615B00F2E573 /* SBJsonTokeniser.h */,
				2BCF2E621476615B00F2E573 /* SBJsonTokeniser.m */,
				2BCF2E631476615B00F2E573 /* SBJsonUTF8Stream.h */,
				2BCF2E641476615B00F2E573 /* SBJsonUTF8Stream.m */,
				2BCF2E651476615C00F2E573 /* SBJsonWriter.h */,
				2BCF2E661476615C00F2E573 /* SBJsonWriter.m */,
				2BCF2E1E1475A4A200F2E573 /* PachStatX-Info.plist */,
				2BCF2E1F1475A4A200F2E573 /* InfoPlist.strings */,
				2BCF2E221475A4A200F2E573 /* main.m */,
				2BCF2E241475A4A200F2E573 /* PachStatX-Prefix.pch */,
				2BCF2E251475A4A200F2E573 /* Credits.rtf */,
			);
			name = "Supporting Files";
			sourceTree = "<group>";
		};
/* End PBXGroup section */

/* Begin PBXNativeTarget section */
		2BCF2E111475A4A200F2E573 /* PachStatX */ = {
			isa = PBXNativeTarget;
			buildConfigurationList = 2BCF2E331475A4A200F2E573 /* Build configuration list for PBXNativeTarget "PachStatX" */;
			buildPhases = (
				2BCF2E0E1475A4A200F2E573 /* Sources */,
				2BCF2E0F1475A4A200F2E573 /* Frameworks */,
				2BCF2E101475A4A200F2E573 /* Resources */,
			);
			buildRules = (
			);
			dependencies = (
			);
			name = PachStatX;
			productName = PachStatX;
			productReference = 2BCF2E121475A4A200F2E573 /* PachStatX.app */;
			productType = "com.apple.product-type.application";
		};
/* End PBXNativeTarget section */

/* Begin PBXProject section */
		2BCF2E091475A4A200F2E573 /* Project object */ = {
			isa = PBXProject;
			attributes = {
				LastUpgradeCheck = 0420;
			};
			buildConfigurationList = 2BCF2E0C1475A4A200F2E573 /* Build configuration list for PBXProject "PachStatX" */;
			compatibilityVersion = "Xcode 3.2";
			developmentRegion = English;
			hasScannedForEncodings = 0;
			knownRegions = (
				en,
			);
			mainGroup = 2BCF2E071475A4A200F2E573;
			productRefGroup = 2BCF2E131475A4A200F2E573 /* Products */;
			projectDirPath = "";
			projectRoot = "";
			targets = (
				2BCF2E111475A4A200F2E573 /* PachStatX */,
			);
		};
/* End PBXProject section */

/* Begin PBXResourcesBuildPhase section */
		2BCF2E101475A4A200F2E573 /* Resources */ = {
			isa = PBXResourcesBuildPhase;
			buildActionMask = 2147483647;
			files = (
				2BCF2E211475A4A200F2E573 /* InfoPlist.strings in Resources */,
				2BCF2E271475A4A200F2E573 /* Credits.rtf in Resources */,
				2BCF2E2D1475A4A200F2E573 /* MainMenu.xib in Resources */,
				2BCF2E43147644E400F2E573 /* Preferences.xib in Resources */,
				2B62E869152EE674001E776B /* logo-stamp.png in Resources */,
			);
			runOnlyForDeploymentPostprocessing = 0;
		};
/* End PBXResourcesBuildPhase section */

/* Begin PBXSourcesBuildPhase section */
		2BCF2E0E1475A4A200F2E573 /* Sources */ = {
			isa = PBXSourcesBuildPhase;
			buildActionMask = 2147483647;
			files = (
				2BCF2E231475A4A200F2E573 /* main.m in Sources */,
				2BCF2E2A1475A4A200F2E573 /* AppDelegate.m in Sources */,
				2BCF2E301475A4A200F2E573 /* PachStatX.xcdatamodeld in Sources */,
				2BCF2E3C147644A100F2E573 /* AppController.m in Sources */,
				2BCF2E40147644D000F2E573 /* PreferencesController.m in Sources */,
				2BCF2E4D147654B800F2E573 /* CpuController.m in Sources */,
				2BCF2E671476615C00F2E573 /* NSObject+SBJson.m in Sources */,
				2BCF2E681476615C00F2E573 /* SBJsonParser.m in Sources */,
				2BCF2E691476615C00F2E573 /* SBJsonStreamParser.m in Sources */,
				2BCF2E6A1476615C00F2E573 /* SBJsonStreamParserAccumulator.m in Sources */,
				2BCF2E6B1476615C00F2E573 /* SBJsonStreamParserAdapter.m in Sources */,
				2BCF2E6C1476615C00F2E573 /* SBJsonStreamParserState.m in Sources */,
				2BCF2E6D1476615C00F2E573 /* SBJsonStreamWriter.m in Sources */,
				2BCF2E6E1476615C00F2E573 /* SBJsonStreamWriterAccumulator.m in Sources */,
				2BCF2E6F1476615C00F2E573 /* SBJsonStreamWriterState.m in Sources */,
				2BCF2E701476615C00F2E573 /* SBJsonTokeniser.m in Sources */,
				2BCF2E711476615C00F2E573 /* SBJsonUTF8Stream.m in Sources */,
				2BCF2E721476615C00F2E573 /* SBJsonWriter.m in Sources */,
				2B02B9A114A8933A00F8F6E5 /* ApplicationTemplate.m in Sources */,
			);
			runOnlyForDeploymentPostprocessing = 0;
		};
/* End PBXSourcesBuildPhase section */

/* Begin PBXVariantGroup section */
		2BCF2E1F1475A4A200F2E573 /* InfoPlist.strings */ = {
			isa = PBXVariantGroup;
			children = (
				2BCF2E201475A4A200F2E573 /* en */,
			);
			name = InfoPlist.strings;
			sourceTree = "<group>";
		};
		2BCF2E251475A4A200F2E573 /* Credits.rtf */ = {
			isa = PBXVariantGroup;
			children = (
				2BCF2E261475A4A200F2E573 /* en */,
			);
			name = Credits.rtf;
			sourceTree = "<group>";
		};
		2BCF2E2B1475A4A200F2E573 /* MainMenu.xib */ = {
			isa = PBXVariantGroup;
			children = (
				2BCF2E2C1475A4A200F2E573 /* en */,
			);
			name = MainMenu.xib;
			sourceTree = "<group>";
		};
		2BCF2E41147644E400F2E573 /* Preferences.xib */ = {
			isa = PBXVariantGroup;
			children = (
				2BCF2E42147644E400F2E573 /* en */,
			);
			name = Preferences.xib;
			sourceTree = "<group>";
		};
/* End PBXVariantGroup section */

/* Begin XCBuildConfiguration section */
		2BCF2E311475A4A200F2E573 /* Debug */ = {
			isa = XCBuildConfiguration;
			buildSettings = {
				ALWAYS_SEARCH_USER_PATHS = NO;
				ARCHS = "$(ARCHS_STANDARD_64_BIT)";
				CLANG_ENABLE_OBJC_ARC = YES;
				COPY_PHASE_STRIP = NO;
				GCC_C_LANGUAGE_STANDARD = gnu99;
				GCC_DYNAMIC_NO_PIC = NO;
				GCC_ENABLE_OBJC_EXCEPTIONS = YES;
				GCC_OPTIMIZATION_LEVEL = 0;
				GCC_PREPROCESSOR_DEFINITIONS = (
					"DEBUG=1",
					"$(inherited)",
				);
				GCC_SYMBOLS_PRIVATE_EXTERN = NO;
				GCC_VERSION = com.apple.compilers.llvm.clang.1_0;
				GCC_WARN_64_TO_32_BIT_CONVERSION = YES;
				GCC_WARN_ABOUT_MISSING_PROTOTYPES = YES;
				GCC_WARN_ABOUT_RETURN_TYPE = YES;
				GCC_WARN_UNUSED_VARIABLE = YES;
				MACOSX_DEPLOYMENT_TARGET = 10.7;
				ONLY_ACTIVE_ARCH = YES;
				SDKROOT = macosx;
			};
			name = Debug;
		};
		2BCF2E321475A4A200F2E573 /* Release */ = {
			isa = XCBuildConfiguration;
			buildSettings = {
				ALWAYS_SEARCH_USER_PATHS = NO;
				ARCHS = "$(ARCHS_STANDARD_64_BIT)";
				CLANG_ENABLE_OBJC_ARC = YES;
				COPY_PHASE_STRIP = YES;
				DEBUG_INFORMATION_FORMAT = "dwarf-with-dsym";
				GCC_C_LANGUAGE_STANDARD = gnu99;
				GCC_ENABLE_OBJC_EXCEPTIONS = YES;
				GCC_VERSION = com.apple.compilers.llvm.clang.1_0;
				GCC_WARN_64_TO_32_BIT_CONVERSION = YES;
				GCC_WARN_ABOUT_MISSING_PROTOTYPES = YES;
				GCC_WARN_ABOUT_RETURN_TYPE = YES;
				GCC_WARN_UNUSED_VARIABLE = YES;
				MACOSX_DEPLOYMENT_TARGET = 10.7;
				SDKROOT = macosx;
			};
			name = Release;
		};
		2BCF2E341475A4A200F2E573 /* Debug */ = {
			isa = XCBuildConfiguration;
			buildSettings = {
				GCC_PRECOMPILE_PREFIX_HEADER = YES;
				GCC_PREFIX_HEADER = "PachStatX/PachStatX-Prefix.pch";
				INFOPLIST_FILE = "PachStatX/PachStatX-Info.plist";
				PRODUCT_NAME = "$(TARGET_NAME)";
				WRAPPER_EXTENSION = app;
			};
			name = Debug;
		};
		2BCF2E351475A4A200F2E573 /* Release */ = {
			isa = XCBuildConfiguration;
			buildSettings = {
				GCC_PRECOMPILE_PREFIX_HEADER = YES;
				GCC_PREFIX_HEADER = "PachStatX/PachStatX-Prefix.pch";
				INFOPLIST_FILE = "PachStatX/PachStatX-Info.plist";
				PRODUCT_NAME = "$(TARGET_NAME)";
				WRAPPER_EXTENSION = app;
			};
			name = Release;
		};
/* End XCBuildConfiguration section */

/* Begin XCConfigurationList section */
		2BCF2E0C1475A4A200F2E573 /* Build configuration list for PBXProject "PachStatX" */ = {
			isa = XCConfigurationList;
			buildConfigurations = (
				2BCF2E311475A4A200F2E573 /* Debug */,
				2BCF2E321475A4A200F2E573 /* Release */,
			);
			defaultConfigurationIsVisible = 0;
			defaultConfigurationName = Release;
		};
		2BCF2E331475A4A200F2E573 /* Build configuration list for PBXNativeTarget "PachStatX" */ = {
			isa = XCConfigurationList;
			buildConfigurations = (
				2BCF2E341475A4A200F2E573 /* Debug */,
				2BCF2E351475A4A200F2E573 /* Release */,
			);
			defaultConfigurationIsVisible = 0;
			defaultConfigurationName = Release;
		};
/* End XCConfigurationList section */

/* Begin XCVersionGroup section */
		2BCF2E2E1475A4A200F2E573 /* PachStatX.xcdatamodeld */ = {
			isa = XCVersionGroup;
			children = (
				2BCF2E2F1475A4A200F2E573 /* PachStatX.xcdatamodel */,
			);
			currentVersion = 2BCF2E2F1475A4A200F2E573 /* PachStatX.xcdatamodel */;
			path = PachStatX.xcdatamodeld;
			sourceTree = "<group>";
			versionGroupType = wrapper.xcdatamodel;
		};
/* End XCVersionGroup section */
	};
	rootObject = 2BCF2E091475A4A200F2E573 /* Project object */;
}
